
Microsoft Visual Studio Solution File, Format Version 12.00
# Visual Studio Version 16
VisualStudioVersion = 16.0.30907.101
MinimumVisualStudioVersion = 10.0.40219.1
Project("{8BC9CEB8-8B4A-11D0-8D11-00A0C91BC942}") = "project1", "project1\project1.vcxproj", "{A54E3774-C8BE-4E90-B3C3-035F0E04EABB}"
EndProject
Project("{8BC9CEB8-8B4A-11D0-8D11-00A0C91BC942}") = "UnitTest1", "UnitTest1\UnitTest1.vcxproj", "{59DF6BD1-9237-4425-8BAA-A99BDCC6717E}"
EndProject
Global
	GlobalSection(SolutionConfigurationPlatforms) = preSolution
		Debug|x64 = Debug|x64
		Debug|x86 = Debug|x86
		Release|x64 = Release|x64
		Release|x86 = Release|x86
	EndGlobalSection
	GlobalSection(ProjectConfigurationPlatforms) = postSolution
		{A54E3774-C8BE-4E90-B3C3-035F0E04EABB}.Debug|x64.ActiveCfg = Debug|x64
		{A54E3774-C8BE-4E90-B3C3-035F0E04EABB}.Debug|x64.Build.0 = Debug|x64
		{A54E3774-C8BE-4E90-B3C3-035F0E04EABB}.Debug|x86.ActiveCfg = Debug|Win32
		{A54E3774-C8BE-4E90-B3C3-035F0E04EABB}.Debug|x86.Build.0 = Debug|Win32
		{A54E3774-C8BE-4E90-B3C3-035F0E04EABB}.Release|x64.ActiveCfg = Release|x64
		{A54E3774-C8BE-4E90-B3C3-035F0E04EABB}.Release|x64.Build.0 = Release|x64
		{A54E3774-C8BE-4E90-B3C3-035F0E04EABB}.Release|x86.ActiveCfg = Release|Win32
		{A54E3774-C8BE-4E90-B3C3-035F0E04EABB}.Release|x86.Build.0 = Release|Win32
		{59DF6BD1-9237-4425-8BAA-A99BDCC6717E}.Debug|x64.ActiveCfg = Debug|x64
		{59DF6BD1-9237-4425-8BAA-A99BDCC6717E}.Debug|x64.Build.0 = Debug|x64
		{59DF6BD1-9237-4425-8BAA-A99BDCC6717E}.Debug|x86.ActiveCfg = Debug|Win32
		{59DF6BD1-9237-4425-8BAA-A99BDCC6717E}.Debug|x86.Build.0 = Debug|Win32
		{59DF6BD1-9237-4425-8BAA-A99BDCC6717E}.Release|x64.ActiveCfg = Release|x64
		{59DF6BD1-9237-4425-8BAA-A99BDCC6717E}.Release|x64.Build.0 = Release|x64
		{59DF6BD1-9237-4425-8BAA-A99BDCC6717E}.Release|x86.ActiveCfg = Release|Win32
		{59DF6BD1-9237-4425-8BAA-A99BDCC6717E}.Release|x86.Build.0 = Release|Win32
	EndGlobalSection
	GlobalSection(SolutionProperties) = preSolution
		HideSolutionNode = FALSE
	EndGlobalSection
	GlobalSection(ExtensibilityGlobals) = postSolution
		SolutionGuid = {3B11B522-F466-4751-8177-1064A2289CC1}
	EndGlobalSection
EndGlobal
